
Microsoft Visual Studio Solution File, Format Version 12.00
# Visual Studio Version 16
VisualStudioVersion = 16.0.29326.143
MinimumVisualStudioVersion = 10.0.40219.1
Project("{FAE04EC0-301F-11D3-BF4B-00C04F79EFBC}") = "lab05-oop-principles", "lab05-oop-principles\lab05-oop-principles.csproj", "{A766587C-70DC-4592-A969-B7542D5FD95B}"
EndProject
Project("{FAE04EC0-301F-11D3-BF4B-00C04F79EFBC}") = "OOPPrinciplesTest", "OOPPrinciplesTest\OOPPrinciplesTest.csproj", "{080D8BC6-1AEA-4C1D-B900-9CD4C3D1B750}"
EndProject
Global
	GlobalSection(SolutionConfigurationPlatforms) = preSolution
		Debug|Any CPU = Debug|Any CPU
		Release|Any CPU = Release|Any CPU
	EndGlobalSection
	GlobalSection(ProjectConfigurationPlatforms) = postSolution
		{A766587C-70DC-4592-A969-B7542D5FD95B}.Debug|Any CPU.ActiveCfg = Debug|Any CPU
		{A766587C-70DC-4592-A969-B7542D5FD95B}.Debug|Any CPU.Build.0 = Debug|Any CPU
		{A766587C-70DC-4592-A969-B7542D5FD95B}.Release|Any CPU.ActiveCfg = Release|Any CPU
		{A766587C-70DC-4592-A969-B7542D5FD95B}.Release|Any CPU.Build.0 = Release|Any CPU
		{080D8BC6-1AEA-4C1D-B900-9CD4C3D1B750}.Debug|Any CPU.ActiveCfg = Debug|Any CPU
		{080D8BC6-1AEA-4C1D-B900-9CD4C3D1B750}.Debug|Any CPU.Build.0 = Debug|Any CPU
		{080D8BC6-1AEA-4C1D-B900-9CD4C3D1B750}.Release|Any CPU.ActiveCfg = Release|Any CPU
		{080D8BC6-1AEA-4C1D-B900-9CD4C3D1B750}.Release|Any CPU.Build.0 = Release|Any CPU
	EndGlobalSection
	GlobalSection(SolutionProperties) = preSolution
		HideSolutionNode = FALSE
	EndGlobalSection
	GlobalSection(ExtensibilityGlobals) = postSolution
		SolutionGuid = {3519E0C7-6E18-43EA-AD0A-AA57FCD130FD}
	EndGlobalSection
EndGlobal
